// !$*UTF8*$!
{
	archiveVersion = 1;
	classes = {
	};
	objectVersion = 50;
	objects = {

/* Begin PBXBuildFile section */
		0206DD642659A7AD0006829B /* TabViewController.swift in Sources */ = {isa = PBXBuildFile; fileRef = 0206DD632659A7AD0006829B /* TabViewController.swift */; };
		02892FFC2659A4FD0014032E /* AppDelegate.swift in Sources */ = {isa = PBXBuildFile; fileRef = 02892FFB2659A4FD0014032E /* AppDelegate.swift */; };
		02892FFE2659A4FD0014032E /* SceneDelegate.swift in Sources */ = {isa = PBXBuildFile; fileRef = 02892FFD2659A4FD0014032E /* SceneDelegate.swift */; };
		028930002659A4FD0014032E /* BotViewController.swift in Sources */ = {isa = PBXBuildFile; fileRef = 02892FFF2659A4FD0014032E /* BotViewController.swift */; };
		028930032659A4FD0014032E /* Main.storyboard in Resources */ = {isa = PBXBuildFile; fileRef = 028930012659A4FD0014032E /* Main.storyboard */; };
		028930052659A5090014032E /* Assets.xcassets in Resources */ = {isa = PBXBuildFile; fileRef = 028930042659A5090014032E /* Assets.xcassets */; };
		028930082659A5090014032E /* LaunchScreen.storyboard in Resources */ = {isa = PBXBuildFile; fileRef = 028930062659A5090014032E /* LaunchScreen.storyboard */; };
/* End PBXBuildFile section */

/* Begin PBXFileReference section */
		0206DD632659A7AD0006829B /* TabViewController.swift */ = {isa = PBXFileReference; lastKnownFileType = sourcecode.swift; path = TabViewController.swift; sourceTree = "<group>"; };
		02892FF82659A4FD0014032E /* Songwriter Bot.app */ = {isa = PBXFileReference; explicitFileType = wrapper.application; includeInIndex = 0; path = "Songwriter Bot.app"; sourceTree = BUILT_PRODUCTS_DIR; };
		02892FFB2659A4FD0014032E /* AppDelegate.swift */ = {isa = PBXFileReference; lastKnownFileType = sourcecode.swift; path = AppDelegate.swift; sourceTree = "<group>"; };
		02892FFD2659A4FD0014032E /* SceneDelegate.swift */ = {isa = PBXFileReference; lastKnownFileType = sourcecode.swift; path = SceneDelegate.swift; sourceTree = "<group>"; };
		02892FFF2659A4FD0014032E /* BotViewController.swift */ = {isa = PBXFileReference; lastKnownFileType = sourcecode.swift; path = BotViewController.swift; sourceTree = "<group>"; };
		028930022659A4FD0014032E /* Base */ = {isa = PBXFileReference; lastKnownFileType = file.storyboard; name = Base; path = Base.lproj/Main.storyboard; sourceTree = "<group>"; };
		028930042659A5090014032E /* Assets.xcassets */ = {isa = PBXFileReference; lastKnownFileType = folder.assetcatalog; path = Assets.xcassets; sourceTree = "<group>"; };
		028930072659A5090014032E /* Base */ = {isa = PBXFileReference; lastKnownFileType = file.storyboard; name = Base; path = Base.lproj/LaunchScreen.storyboard; sourceTree = "<group>"; };
		028930092659A5090014032E /* Info.plist */ = {isa = PBXFileReference; lastKnownFileType = text.plist.xml; path = Info.plist; sourceTree = "<group>"; };
		0289300F2659A5150014032E /* Songwriter Bot.entitlements */ = {isa = PBXFileReference; lastKnownFileType = text.plist.entitlements; path = "Songwriter Bot.entitlements"; sourceTree = "<group>"; };
/* End PBXFileReference section */

/* Begin PBXFrameworksBuildPhase section */
		02892FF52659A4FD0014032E /* Frameworks */ = {
			isa = PBXFrameworksBuildPhase;
			buildActionMask = 2147483647;
			files = (
			);
			runOnlyForDeploymentPostprocessing = 0;
		};
/* End PBXFrameworksBuildPhase section */

/* Begin PBXGroup section */
		02892FEF2659A4FD0014032E = {
			isa = PBXGroup;
			children = (
				02892FFA2659A4FD0014032E /* Songwriter Bot */,
				02892FF92659A4FD0014032E /* Products */,
			);
			sourceTree = "<group>";
		};
		02892FF92659A4FD0014032E /* Products */ = {
			isa = PBXGroup;
			children = (
				02892FF82659A4FD0014032E /* Songwriter Bot.app */,
			);
			name = Products;
			sourceTree = "<group>";
		};
		02892FFA2659A4FD0014032E /* Songwriter Bot */ = {
			isa = PBXGroup;
			children = (
				0289300F2659A5150014032E /* Songwriter Bot.entitlements */,
				02892FFB2659A4FD0014032E /* AppDelegate.swift */,
				02892FFD2659A4FD0014032E /* SceneDelegate.swift */,
				028930122659A5D90014032E /* Controllers */,
				028930112659A5D40014032E /* Views */,
				028930102659A5CF0014032E /* Models */,
				028930042659A5090014032E /* Assets.xcassets */,
				028930062659A5090014032E /* LaunchScreen.storyboard */,
				028930092659A5090014032E /* Info.plist */,
			);
			path = "Songwriter Bot";
			sourceTree = "<group>";
		};
		028930102659A5CF0014032E /* Models */ = {
			isa = PBXGroup;
			children = (
			);
			path = Models;
			sourceTree = "<group>";
		};
		028930112659A5D40014032E /* Views */ = {
			isa = PBXGroup;
			children = (
				028930012659A4FD0014032E /* Main.storyboard */,
			);
			path = Views;
			sourceTree = "<group>";
		};
		028930122659A5D90014032E /* Controllers */ = {
			isa = PBXGroup;
			children = (
				02892FFF2659A4FD0014032E /* BotViewController.swift */,
				0206DD632659A7AD0006829B /* TabViewController.swift */,
			);
			path = Controllers;
			sourceTree = "<group>";
		};
/* End PBXGroup section */

/* Begin PBXNativeTarget section */
		02892FF72659A4FD0014032E /* Songwriter Bot */ = {
			isa = PBXNativeTarget;
			buildConfigurationList = 0289300C2659A5090014032E /* Build configuration list for PBXNativeTarget "Songwriter Bot" */;
			buildPhases = (
				02892FF42659A4FD0014032E /* Sources */,
				02892FF52659A4FD0014032E /* Frameworks */,
				02892FF62659A4FD0014032E /* Resources */,
			);
			buildRules = (
			);
			dependencies = (
			);
			name = "Songwriter Bot";
			productName = "Songwriter Bot";
			productReference = 02892FF82659A4FD0014032E /* Songwriter Bot.app */;
			productType = "com.apple.product-type.application";
		};
/* End PBXNativeTarget section */

/* Begin PBXProject section */
		02892FF02659A4FD0014032E /* Project object */ = {
			isa = PBXProject;
			attributes = {
				LastSwiftUpdateCheck = 1250;
				LastUpgradeCheck = 1250;
				TargetAttributes = {
					02892FF72659A4FD0014032E = {
						CreatedOnToolsVersion = 12.5;
					};
				};
			};
			buildConfigurationList = 02892FF32659A4FD0014032E /* Build configuration list for PBXProject "Songwriter Bot" */;
			compatibilityVersion = "Xcode 9.3";
			developmentRegion = en;
			hasScannedForEncodings = 0;
			knownRegions = (
				en,
				Base,
			);
			mainGroup = 02892FEF2659A4FD0014032E;
			productRefGroup = 02892FF92659A4FD0014032E /* Products */;
			projectDirPath = "";
			projectRoot = "";
			targets = (
				02892FF72659A4FD0014032E /* Songwriter Bot */,
			);
		};
/* End PBXProject section */

/* Begin PBXResourcesBuildPhase section */
		02892FF62659A4FD0014032E /* Resources */ = {
			isa = PBXResourcesBuildPhase;
			buildActionMask = 2147483647;
			files = (
				028930082659A5090014032E /* LaunchScreen.storyboard in Resources */,
				028930052659A5090014032E /* Assets.xcassets in Resources */,
				028930032659A4FD0014032E /* Main.storyboard in Resources */,
			);
			runOnlyForDeploymentPostprocessing = 0;
		};
/* End PBXResourcesBuildPhase section */

/* Begin PBXSourcesBuildPhase section */
		02892FF42659A4FD0014032E /* Sources */ = {
			isa = PBXSourcesBuildPhase;
			buildActionMask = 2147483647;
			files = (
				0206DD642659A7AD0006829B /* TabViewController.swift in Sources */,
				028930002659A4FD0014032E /* BotViewController.swift in Sources */,
				02892FFC2659A4FD0014032E /* AppDelegate.swift in Sources */,
				02892FFE2659A4FD0014032E /* SceneDelegate.swift in Sources */,
			);
			runOnlyForDeploymentPostprocessing = 0;
		};
/* End PBXSourcesBuildPhase section */

/* Begin PBXVariantGroup section */
		028930012659A4FD0014032E /* Main.storyboard */ = {
			isa = PBXVariantGroup;
			children = (
				028930022659A4FD0014032E /* Base */,
			);
			name = Main.storyboard;
			sourceTree = "<group>";
		};
		028930062659A5090014032E /* LaunchScreen.storyboard */ = {
			isa = PBXVariantGroup;
			children = (
				028930072659A5090014032E /* Base */,
			);
			name = LaunchScreen.storyboard;
			sourceTree = "<group>";
		};
/* End PBXVariantGroup section */

/* Begin XCBuildConfiguration section */
		0289300A2659A5090014032E /* Debug */ = {
			isa = XCBuildConfiguration;
			buildSettings = {
				ALWAYS_SEARCH_USER_PATHS = NO;
				CLANG_ANALYZER_NONNULL = YES;
				CLANG_ANALYZER_NUMBER_OBJECT_CONVERSION = YES_AGGRESSIVE;
				CLANG_CXX_LANGUAGE_STANDARD = "gnu++14";
				CLANG_CXX_LIBRARY = "libc++";
				CLANG_ENABLE_MODULES = YES;
				CLANG_ENABLE_OBJC_ARC = YES;
				CLANG_ENABLE_OBJC_WEAK = YES;
				CLANG_WARN_BLOCK_CAPTURE_AUTORELEASING = YES;
				CLANG_WARN_BOOL_CONVERSION = YES;
				CLANG_WARN_COMMA = YES;
				CLANG_WARN_CONSTANT_CONVERSION = YES;
				CLANG_WARN_DEPRECATED_OBJC_IMPLEMENTATIONS = YES;
				CLANG_WARN_DIRECT_OBJC_ISA_USAGE = YES_ERROR;
				CLANG_WARN_DOCUMENTATION_COMMENTS = YES;
				CLANG_WARN_EMPTY_BODY = YES;
				CLANG_WARN_ENUM_CONVERSION = YES;
				CLANG_WARN_INFINITE_RECURSION = YES;
				CLANG_WARN_INT_CONVERSION = YES;
				CLANG_WARN_NON_LITERAL_NULL_CONVERSION = YES;
				CLANG_WARN_OBJC_IMPLICIT_RETAIN_SELF = YES;
				CLANG_WARN_OBJC_LITERAL_CONVERSION = YES;
				CLANG_WARN_OBJC_ROOT_CLASS = YES_ERROR;
				CLANG_WARN_QUOTED_INCLUDE_IN_FRAMEWORK_HEADER = YES;
				CLANG_WARN_RANGE_LOOP_ANALYSIS = YES;
				CLANG_WARN_STRICT_PROTOTYPES = YES;
				CLANG_WARN_SUSPICIOUS_MOVE = YES;
				CLANG_WARN_UNGUARDED_AVAILABILITY = YES_AGGRESSIVE;
				CLANG_WARN_UNREACHABLE_CODE = YES;
				CLANG_WARN__DUPLICATE_METHOD_MATCH = YES;
				COPY_PHASE_STRIP = NO;
				DEBUG_INFORMATION_FORMAT = dwarf;
				ENABLE_STRICT_OBJC_MSGSEND = YES;
				ENABLE_TESTABILITY = YES;
				GCC_C_LANGUAGE_STANDARD = gnu11;
				GCC_DYNAMIC_NO_PIC = NO;
				GCC_NO_COMMON_BLOCKS = YES;
				GCC_OPTIMIZATION_LEVEL = 0;
				GCC_PREPROCESSOR_DEFINITIONS = (
					"DEBUG=1",
					"$(inherited)",
				);
				GCC_WARN_64_TO_32_BIT_CONVERSION = YES;
				GCC_WARN_ABOUT_RETURN_TYPE = YES_ERROR;
				GCC_WARN_UNDECLARED_SELECTOR = YES;
				GCC_WARN_UNINITIALIZED_AUTOS = YES_AGGRESSIVE;
				GCC_WARN_UNUSED_FUNCTION = YES;
				GCC_WARN_UNUSED_VARIABLE = YES;
				IPHONEOS_DEPLOYMENT_TARGET = 14.5;
				MTL_ENABLE_DEBUG_INFO = INCLUDE_SOURCE;
				MTL_FAST_MATH = YES;
				ONLY_ACTIVE_ARCH = YES;
				SDKROOT = iphoneos;
				SWIFT_ACTIVE_COMPILATION_CONDITIONS = DEBUG;
				SWIFT_OPTIMIZATION_LEVEL = "-Onone";
			};
			name = Debug;
		};
		0289300B2659A5090014032E /* Release */ = {
			isa = XCBuildConfiguration;
			buildSettings = {
				ALWAYS_SEARCH_USER_PATHS = NO;
				CLANG_ANALYZER_NONNULL = YES;
				CLANG_ANALYZER_NUMBER_OBJECT_CONVERSION = YES_AGGRESSIVE;
				CLANG_CXX_LANGUAGE_STANDARD = "gnu++14";
				CLANG_CXX_LIBRARY = "libc++";
				CLANG_ENABLE_MODULES = YES;
				CLANG_ENABLE_OBJC_ARC = YES;
				CLANG_ENABLE_OBJC_WEAK = YES;
				CLANG_WARN_BLOCK_CAPTURE_AUTORELEASING = YES;
				CLANG_WARN_BOOL_CONVERSION = YES;
				CLANG_WARN_COMMA = YES;
				CLANG_WARN_CONSTANT_CONVERSION = YES;
				CLANG_WARN_DEPRECATED_OBJC_IMPLEMENTATIONS = YES;
				CLANG_WARN_DIRECT_OBJC_ISA_USAGE = YES_ERROR;
				CLANG_WARN_DOCUMENTATION_COMMENTS = YES;
				CLANG_WARN_EMPTY_BODY = YES;
				CLANG_WARN_ENUM_CONVERSION = YES;
				CLANG_WARN_INFINITE_RECURSION = YES;
				CLANG_WARN_INT_CONVERSION = YES;
				CLANG_WARN_NON_LITERAL_NULL_CONVERSION = YES;
				CLANG_WARN_OBJC_IMPLICIT_RETAIN_SELF = YES;
				CLANG_WARN_OBJC_LITERAL_CONVERSION = YES;
				CLANG_WARN_OBJC_ROOT_CLASS = YES_ERROR;
				CLANG_WARN_QUOTED_INCLUDE_IN_FRAMEWORK_HEADER = YES;
				CLANG_WARN_RANGE_LOOP_ANALYSIS = YES;
				CLANG_WARN_STRICT_PROTOTYPES = YES;
				CLANG_WARN_SUSPICIOUS_MOVE = YES;
				CLANG_WARN_UNGUARDED_AVAILABILITY = YES_AGGRESSIVE;
				CLANG_WARN_UNREACHABLE_CODE = YES;
				CLANG_WARN__DUPLICATE_METHOD_MATCH = YES;
				COPY_PHASE_STRIP = NO;
				DEBUG_INFORMATION_FORMAT = "dwarf-with-dsym";
				ENABLE_NS_ASSERTIONS = NO;
				ENABLE_STRICT_OBJC_MSGSEND = YES;
				GCC_C_LANGUAGE_STANDARD = gnu11;
				GCC_NO_COMMON_BLOCKS = YES;
				GCC_WARN_64_TO_32_BIT_CONVERSION = YES;
				GCC_WARN_ABOUT_RETURN_TYPE = YES_ERROR;
				GCC_WARN_UNDECLARED_SELECTOR = YES;
				GCC_WARN_UNINITIALIZED_AUTOS = YES_AGGRESSIVE;
				GCC_WARN_UNUSED_FUNCTION = YES;
				GCC_WARN_UNUSED_VARIABLE = YES;
				IPHONEOS_DEPLOYMENT_TARGET = 14.5;
				MTL_ENABLE_DEBUG_INFO = NO;
				MTL_FAST_MATH = YES;
				SDKROOT = iphoneos;
				SWIFT_COMPILATION_MODE = wholemodule;
				SWIFT_OPTIMIZATION_LEVEL = "-O";
				VALIDATE_PRODUCT = YES;
			};
			name = Release;
		};
		0289300D2659A5090014032E /* Debug */ = {
			isa = XCBuildConfiguration;
			buildSettings = {
				ASSETCATALOG_COMPILER_APPICON_NAME = AppIcon;
				ASSETCATALOG_COMPILER_GLOBAL_ACCENT_COLOR_NAME = AccentColor;
				CODE_SIGN_ENTITLEMENTS = "Songwriter Bot/Songwriter Bot.entitlements";
				CODE_SIGN_STYLE = Automatic;
				DEVELOPMENT_TEAM = SMNXVGXK4L;
				INFOPLIST_FILE = "Songwriter Bot/Info.plist";
				LD_RUNPATH_SEARCH_PATHS = (
					"$(inherited)",
					"@executable_path/Frameworks",
				);
				PRODUCT_BUNDLE_IDENTIFIER = "Bassist-Zero.Songwriter-Bot";
				PRODUCT_NAME = "$(TARGET_NAME)";
				SUPPORTS_MACCATALYST = YES;
				SUPPORTS_MAC_DESIGNED_FOR_IPHONE_IPAD = NO;
				SWIFT_VERSION = 5.0;
				TARGETED_DEVICE_FAMILY = "1,2,6";
			};
			name = Debug;
		};
		0289300E2659A5090014032E /* Release */ = {
			isa = XCBuildConfiguration;
			buildSettings = {
				ASSETCATALOG_COMPILER_APPICON_NAME = AppIcon;
				ASSETCATALOG_COMPILER_GLOBAL_ACCENT_COLOR_NAME = AccentColor;
				CODE_SIGN_ENTITLEMENTS = "Songwriter Bot/Songwriter Bot.entitlements";
				CODE_SIGN_STYLE = Automatic;
				DEVELOPMENT_TEAM = SMNXVGXK4L;
				INFOPLIST_FILE = "Songwriter Bot/Info.plist";
				LD_RUNPATH_SEARCH_PATHS = (
					"$(inherited)",
					"@executable_path/Frameworks",
				);
				PRODUCT_BUNDLE_IDENTIFIER = "Bassist-Zero.Songwriter-Bot";
				PRODUCT_NAME = "$(TARGET_NAME)";
				SUPPORTS_MACCATALYST = YES;
				SUPPORTS_MAC_DESIGNED_FOR_IPHONE_IPAD = NO;
				SWIFT_VERSION = 5.0;
				TARGETED_DEVICE_FAMILY = "1,2,6";
			};
			name = Release;
		};
/* End XCBuildConfiguration section */

/* Begin XCConfigurationList section */
		02892FF32659A4FD0014032E /* Build configuration list for PBXProject "Songwriter Bot" */ = {
			isa = XCConfigurationList;
			buildConfigurations = (
				0289300A2659A5090014032E /* Debug */,
				0289300B2659A5090014032E /* Release */,
			);
			defaultConfigurationIsVisible = 0;
			defaultConfigurationName = Release;
		};
		0289300C2659A5090014032E /* Build configuration list for PBXNativeTarget "Songwriter Bot" */ = {
			isa = XCConfigurationList;
			buildConfigurations = (
				0289300D2659A5090014032E /* Debug */,
				0289300E2659A5090014032E /* Release */,
			);
			defaultConfigurationIsVisible = 0;
			defaultConfigurationName = Release;
		};
/* End XCConfigurationList section */
	};
	rootObject = 02892FF02659A4FD0014032E /* Project object */;
}
